
Microsoft Visual Studio Solution File, Format Version 10.00
# Visual Studio 2008
Project("{FAE04EC0-301F-11D3-BF4B-00C04F79EFBC}") = "NHibernateIntro.Core", "NHibernateIntro.Core\NHibernateIntro.Core.csproj", "{A116B217-6ED2-422C-97A3-6DFEA70D84A7}"
EndProject
Project("{FAE04EC0-301F-11D3-BF4B-00C04F79EFBC}") = "NHibernateInto.App", "NHibernateInto.App\NHibernateInto.App.csproj", "{092B9763-0629-4494-B7A8-CE519E665F8F}"
EndProject
Global
	GlobalSection(SolutionConfigurationPlatforms) = preSolution
		Debug|Any CPU = Debug|Any CPU
		Release|Any CPU = Release|Any CPU
	EndGlobalSection
	GlobalSection(ProjectConfigurationPlatforms) = postSolution
		{A116B217-6ED2-422C-97A3-6DFEA70D84A7}.Debug|Any CPU.ActiveCfg = Debug|Any CPU
		{A116B217-6ED2-422C-97A3-6DFEA70D84A7}.Debug|Any CPU.Build.0 = Debug|Any CPU
		{A116B217-6ED2-422C-97A3-6DFEA70D84A7}.Release|Any CPU.ActiveCfg = Release|Any CPU
		{A116B217-6ED2-422C-97A3-6DFEA70D84A7}.Release|Any CPU.Build.0 = Release|Any CPU
		{092B9763-0629-4494-B7A8-CE519E665F8F}.Debug|Any CPU.ActiveCfg = Debug|Any CPU
		{092B9763-0629-4494-B7A8-CE519E665F8F}.Debug|Any CPU.Build.0 = Debug|Any CPU
		{092B9763-0629-4494-B7A8-CE519E665F8F}.Release|Any CPU.ActiveCfg = Release|Any CPU
		{092B9763-0629-4494-B7A8-CE519E665F8F}.Release|Any CPU.Build.0 = Release|Any CPU
	EndGlobalSection
	GlobalSection(SolutionProperties) = preSolution
		HideSolutionNode = FALSE
	EndGlobalSection
EndGlobal
